{
  "camera_engine_rkaiq_rk3568": "5.0x1.2-rc2",
  "camera_engine_rkaiq_rk3588": "3.0x8.9",
  "chromium-x11": "111.0.5563.147",
  "linux-rk2312": "0.1-1",
  "rockchip-chromium-x11-utils": "0.1.4",
  "rockchip-prebuilt": "3.6",
  "rockchip-pulseaudio-config": "0.3.3",
  "rockchip-udev": "0.3.1",
  "vendor-profiles": "0.3.6",
  "xfce4-screensaver": "4.16.0-1"
}
